
Microsoft Visual Studio Solution File, Format Version 12.00
# Visual Studio Version 17
VisualStudioVersion = 17.6.33801.468
MinimumVisualStudioVersion = 10.0.40219.1
Project("{9A19103F-16F7-4668-BE54-9A1E7A4F7556}") = "NZWalksAPI", "NZWalksAPI\NZWalksAPI.csproj", "{0E5DC6E9-6B74-4D59-9EC1-2AE45663DD4F}"
EndProject
Global
	GlobalSection(SolutionConfigurationPlatforms) = preSolution
		Debug|Any CPU = Debug|Any CPU
		Release|Any CPU = Release|Any CPU
	EndGlobalSection
	GlobalSection(ProjectConfigurationPlatforms) = postSolution
		{0E5DC6E9-6B74-4D59-9EC1-2AE45663DD4F}.Debug|Any CPU.ActiveCfg = Debug|Any CPU
		{0E5DC6E9-6B74-4D59-9EC1-2AE45663DD4F}.Debug|Any CPU.Build.0 = Debug|Any CPU
		{0E5DC6E9-6B74-4D59-9EC1-2AE45663DD4F}.Release|Any CPU.ActiveCfg = Release|Any CPU
		{0E5DC6E9-6B74-4D59-9EC1-2AE45663DD4F}.Release|Any CPU.Build.0 = Release|Any CPU
	EndGlobalSection
	GlobalSection(SolutionProperties) = preSolution
		HideSolutionNode = FALSE
	EndGlobalSection
	GlobalSection(ExtensibilityGlobals) = postSolution
		SolutionGuid = {64D05838-81BF-47A6-B7DE-2B4AAC6622EB}
	EndGlobalSection
EndGlobal
